
Microsoft Visual Studio Solution File, Format Version 12.00
# Visual Studio Version 17
VisualStudioVersion = 17.11.35327.3
MinimumVisualStudioVersion = 10.0.40219.1
Project("{9A19103F-16F7-4668-BE54-9A1E7A4F7556}") = "MusicCenterModels", "MusicCenterModels\MusicCenterModels.csproj", "{7A54E5D7-CFF4-4DBB-A46F-2A67092D4471}"
EndProject
Project("{9A19103F-16F7-4668-BE54-9A1E7A4F7556}") = "MusicCenterFactories", "MusicCenterFactories\MusicCenterFactories.csproj", "{F86F0B49-A731-4A67-BD52-C8184D5948B7}"
EndProject
Project("{9A19103F-16F7-4668-BE54-9A1E7A4F7556}") = "MusicCenterWebService", "MusicCenterWebService\MusicCenterWebService.csproj", "{9423732D-CE10-47B9-9B37-D0CC9D99DE9F}"
	ProjectSection(ProjectDependencies) = postProject
		{7A54E5D7-CFF4-4DBB-A46F-2A67092D4471} = {7A54E5D7-CFF4-4DBB-A46F-2A67092D4471}
		{F86F0B49-A731-4A67-BD52-C8184D5948B7} = {F86F0B49-A731-4A67-BD52-C8184D5948B7}
	EndProjectSection
EndProject
Project("{9A19103F-16F7-4668-BE54-9A1E7A4F7556}") = "Test", "Test\Test.csproj", "{96DB74C2-AD17-4234-8441-BBE38510ACC3}"
	ProjectSection(ProjectDependencies) = postProject
		{41FD4130-CD08-443C-895D-984B539C965E} = {41FD4130-CD08-443C-895D-984B539C965E}
		{7A54E5D7-CFF4-4DBB-A46F-2A67092D4471} = {7A54E5D7-CFF4-4DBB-A46F-2A67092D4471}
		{9423732D-CE10-47B9-9B37-D0CC9D99DE9F} = {9423732D-CE10-47B9-9B37-D0CC9D99DE9F}
		{A850C1AB-173A-4115-9A8C-DAF5FB894B86} = {A850C1AB-173A-4115-9A8C-DAF5FB894B86}
		{F86F0B49-A731-4A67-BD52-C8184D5948B7} = {F86F0B49-A731-4A67-BD52-C8184D5948B7}
	EndProjectSection
EndProject
Project("{9A19103F-16F7-4668-BE54-9A1E7A4F7556}") = "WebApiClient", "WebApiClient\WebApiClient.csproj", "{41FD4130-CD08-443C-895D-984B539C965E}"
EndProject
Project("{9A19103F-16F7-4668-BE54-9A1E7A4F7556}") = "MusicCenterWebApp", "MusicCenterWebApp\MusicCenterWebApp.csproj", "{A850C1AB-173A-4115-9A8C-DAF5FB894B86}"
	ProjectSection(ProjectDependencies) = postProject
		{04748809-1316-4C67-B9F4-28CDBFBEEA05} = {04748809-1316-4C67-B9F4-28CDBFBEEA05}
		{41FD4130-CD08-443C-895D-984B539C965E} = {41FD4130-CD08-443C-895D-984B539C965E}
		{7A54E5D7-CFF4-4DBB-A46F-2A67092D4471} = {7A54E5D7-CFF4-4DBB-A46F-2A67092D4471}
		{9423732D-CE10-47B9-9B37-D0CC9D99DE9F} = {9423732D-CE10-47B9-9B37-D0CC9D99DE9F}
		{F86F0B49-A731-4A67-BD52-C8184D5948B7} = {F86F0B49-A731-4A67-BD52-C8184D5948B7}
	EndProjectSection
EndProject
Project("{9A19103F-16F7-4668-BE54-9A1E7A4F7556}") = "MusicCenterWPF", "MusicCenterWPF\MusicCenterWPF.csproj", "{3132B59F-A25D-4D3B-9159-663D7165C78D}"
	ProjectSection(ProjectDependencies) = postProject
		{41FD4130-CD08-443C-895D-984B539C965E} = {41FD4130-CD08-443C-895D-984B539C965E}
		{7A54E5D7-CFF4-4DBB-A46F-2A67092D4471} = {7A54E5D7-CFF4-4DBB-A46F-2A67092D4471}
		{9423732D-CE10-47B9-9B37-D0CC9D99DE9F} = {9423732D-CE10-47B9-9B37-D0CC9D99DE9F}
		{F86F0B49-A731-4A67-BD52-C8184D5948B7} = {F86F0B49-A731-4A67-BD52-C8184D5948B7}
	EndProjectSection
EndProject
Project("{FAE04EC0-301F-11D3-BF4B-00C04F79EFBC}") = "Utility", "Utility\Utility.csproj", "{04748809-1316-4C67-B9F4-28CDBFBEEA05}"
EndProject
Global
	GlobalSection(SolutionConfigurationPlatforms) = preSolution
		Debug|Any CPU = Debug|Any CPU
		Release|Any CPU = Release|Any CPU
	EndGlobalSection
	GlobalSection(ProjectConfigurationPlatforms) = postSolution
		{7A54E5D7-CFF4-4DBB-A46F-2A67092D4471}.Debug|Any CPU.ActiveCfg = Debug|Any CPU
		{7A54E5D7-CFF4-4DBB-A46F-2A67092D4471}.Debug|Any CPU.Build.0 = Debug|Any CPU
		{7A54E5D7-CFF4-4DBB-A46F-2A67092D4471}.Release|Any CPU.ActiveCfg = Release|Any CPU
		{7A54E5D7-CFF4-4DBB-A46F-2A67092D4471}.Release|Any CPU.Build.0 = Release|Any CPU
		{F86F0B49-A731-4A67-BD52-C8184D5948B7}.Debug|Any CPU.ActiveCfg = Debug|Any CPU
		{F86F0B49-A731-4A67-BD52-C8184D5948B7}.Debug|Any CPU.Build.0 = Debug|Any CPU
		{F86F0B49-A731-4A67-BD52-C8184D5948B7}.Release|Any CPU.ActiveCfg = Release|Any CPU
		{F86F0B49-A731-4A67-BD52-C8184D5948B7}.Release|Any CPU.Build.0 = Release|Any CPU
		{9423732D-CE10-47B9-9B37-D0CC9D99DE9F}.Debug|Any CPU.ActiveCfg = Debug|Any CPU
		{9423732D-CE10-47B9-9B37-D0CC9D99DE9F}.Debug|Any CPU.Build.0 = Debug|Any CPU
		{9423732D-CE10-47B9-9B37-D0CC9D99DE9F}.Release|Any CPU.ActiveCfg = Release|Any CPU
		{9423732D-CE10-47B9-9B37-D0CC9D99DE9F}.Release|Any CPU.Build.0 = Release|Any CPU
		{96DB74C2-AD17-4234-8441-BBE38510ACC3}.Debug|Any CPU.ActiveCfg = Debug|Any CPU
		{96DB74C2-AD17-4234-8441-BBE38510ACC3}.Debug|Any CPU.Build.0 = Debug|Any CPU
		{96DB74C2-AD17-4234-8441-BBE38510ACC3}.Release|Any CPU.ActiveCfg = Release|Any CPU
		{96DB74C2-AD17-4234-8441-BBE38510ACC3}.Release|Any CPU.Build.0 = Release|Any CPU
		{41FD4130-CD08-443C-895D-984B539C965E}.Debug|Any CPU.ActiveCfg = Debug|Any CPU
		{41FD4130-CD08-443C-895D-984B539C965E}.Debug|Any CPU.Build.0 = Debug|Any CPU
		{41FD4130-CD08-443C-895D-984B539C965E}.Release|Any CPU.ActiveCfg = Release|Any CPU
		{41FD4130-CD08-443C-895D-984B539C965E}.Release|Any CPU.Build.0 = Release|Any CPU
		{A850C1AB-173A-4115-9A8C-DAF5FB894B86}.Debug|Any CPU.ActiveCfg = Debug|Any CPU
		{A850C1AB-173A-4115-9A8C-DAF5FB894B86}.Debug|Any CPU.Build.0 = Debug|Any CPU
		{A850C1AB-173A-4115-9A8C-DAF5FB894B86}.Release|Any CPU.ActiveCfg = Release|Any CPU
		{A850C1AB-173A-4115-9A8C-DAF5FB894B86}.Release|Any CPU.Build.0 = Release|Any CPU
		{3132B59F-A25D-4D3B-9159-663D7165C78D}.Debug|Any CPU.ActiveCfg = Debug|Any CPU
		{3132B59F-A25D-4D3B-9159-663D7165C78D}.Debug|Any CPU.Build.0 = Debug|Any CPU
		{3132B59F-A25D-4D3B-9159-663D7165C78D}.Release|Any CPU.ActiveCfg = Release|Any CPU
		{3132B59F-A25D-4D3B-9159-663D7165C78D}.Release|Any CPU.Build.0 = Release|Any CPU
		{04748809-1316-4C67-B9F4-28CDBFBEEA05}.Debug|Any CPU.ActiveCfg = Debug|Any CPU
		{04748809-1316-4C67-B9F4-28CDBFBEEA05}.Debug|Any CPU.Build.0 = Debug|Any CPU
		{04748809-1316-4C67-B9F4-28CDBFBEEA05}.Release|Any CPU.ActiveCfg = Release|Any CPU
		{04748809-1316-4C67-B9F4-28CDBFBEEA05}.Release|Any CPU.Build.0 = Release|Any CPU
	EndGlobalSection
	GlobalSection(SolutionProperties) = preSolution
		HideSolutionNode = FALSE
	EndGlobalSection
	GlobalSection(ExtensibilityGlobals) = postSolution
		SolutionGuid = {3D43BE52-0F33-4585-B894-CECC57D367F7}
	EndGlobalSection
EndGlobal
